{
  "name": "CrisisConnect",
  "lockfileVersion": 3,
  "requires": true,
  "packages": {
    "": {
      "dependencies": {
        "lucide-react": "^1.11.0"
      }
    },
    "node_modules/lucide-react": {
      "version": "1.11.0",
      "resolved": "https://registry.npmjs.org/lucide-react/-/lucide-react-1.11.0.tgz",
      "integrity": "sha512-UOhjdztXCgdBReRcIhsvz2siIBogfv/lhJEIViCpLt924dO+GDms9T7DNoucI23s6kEPpe988m5N0D2ajnzb2g==",
      "license": "ISC",
      "peerDependencies": {
        "react": "^16.5.1 || ^17.0.0 || ^18.0.0 || ^19.0.0"
      }
    },
    "node_modules/react": {
      "version": "19.2.5",
      "resolved": "https://registry.npmjs.org/react/-/react-19.2.5.tgz",
      "integrity": "sha512-llUJLzz1zTUBrskt2pwZgLq59AemifIftw4aB7JxOqf1HY2FDaGDxgwpAPVzHU1kdWabH7FauP4i1oEeer2WCA==",
      "license": "MIT",
      "peer": true,
      "engines": {
        "node": ">=0.10.0"
      }
    }
  }
}
